
Microsoft Visual Studio Solution File, Format Version 12.00
# Visual Studio Version 16
VisualStudioVersion = 16.0.30114.105
MinimumVisualStudioVersion = 10.0.40219.1
Project("{2150E333-8FDC-42A3-9474-1A3956D46DE8}") = "tests", "tests", "{1B8A8578-7C3C-425C-B769-9E097411094F}"
EndProject
Project("{9A19103F-16F7-4668-BE54-9A1E7A4F7556}") = "RxBim.Tools.Revit.Test", "tests\RxBim.Tools.Revit.Test\RxBim.Tools.Revit.Test.csproj", "{DE5198BA-8F65-4E9C-BE74-EDA541287ED6}"
EndProject
Project("{9A19103F-16F7-4668-BE54-9A1E7A4F7556}") = "RxBim.Tools.TableBuilder.Tests", "tests\RxBim.Tools.TableBuilder.Tests\RxBim.Tools.TableBuilder.Tests.csproj", "{4FE437B4-01EA-4D30-A530-2FD399CC8CF7}"
EndProject
Project("{2150E333-8FDC-42A3-9474-1A3956D46DE8}") = "src", "src", "{5339A0F1-1884-4682-BFD2-DE050B2E5D69}"
EndProject
Project("{9A19103F-16F7-4668-BE54-9A1E7A4F7556}") = "RxBim.Tools.Autocad", "src\RxBim.Tools.Autocad\RxBim.Tools.Autocad.csproj", "{FB4ECB76-3001-4700-AF33-23779869E8CB}"
EndProject
Project("{9A19103F-16F7-4668-BE54-9A1E7A4F7556}") = "RxBim.Tools.Civil", "src\RxBim.Tools.Civil\RxBim.Tools.Civil.csproj", "{CEE50942-6530-4BD9-9659-E9B82220A65A}"
EndProject
Project("{9A19103F-16F7-4668-BE54-9A1E7A4F7556}") = "RxBim.Tools.Revit", "src\RxBim.Tools.Revit\RxBim.Tools.Revit.csproj", "{2E1C3828-FC01-4C16-9282-85657BC2B860}"
EndProject
Project("{9A19103F-16F7-4668-BE54-9A1E7A4F7556}") = "RxBim.Tools.TableBuilder", "src\RxBim.Tools.TableBuilder\RxBim.Tools.TableBuilder.csproj", "{A52F6AA2-2148-476D-9287-B8D29345DC82}"
EndProject
Project("{2150E333-8FDC-42A3-9474-1A3956D46DE8}") = "SolutionFolder", "SolutionFolder", "{AE4BB821-54AC-4573-BD68-5BE1C59D5D45}"
	ProjectSection(SolutionItems) = preProject
		.gitignore = .gitignore
		LICENSE = LICENSE
		README.md = README.md
		stylecop.ruleset = stylecop.ruleset
		stylecopTests.ruleset = stylecopTests.ruleset
	EndProjectSection
EndProject
Project("{9A19103F-16F7-4668-BE54-9A1E7A4F7556}") = "_build", "build\_build.csproj", "{E2EC9FDA-2F0E-4BD1-8F63-3787605ED60C}"
EndProject
Project("{2150E333-8FDC-42A3-9474-1A3956D46DE8}") = "samples", "samples", "{130BCFCE-087D-42FF-BE70-BD4D02351D18}"
ProjectSection(SolutionItems) = preProject
	samples\Directory.Build.Props = samples\Directory.Build.Props
EndProjectSection
EndProject
Project("{FAE04EC0-301F-11D3-BF4B-00C04F79EFBC}") = "RxBim.Tools.Autocad.Table.Sample", "samples\RxBim.Tools.Autocad.Table.Sample\RxBim.Tools.Autocad.Table.Sample.csproj", "{BD814946-EDC4-45DC-AE70-57831679B706}"
EndProject
Global
	GlobalSection(SolutionConfigurationPlatforms) = preSolution
		Debug|Any CPU = Debug|Any CPU
		Debug|x64 = Debug|x64
		Debug|x86 = Debug|x86
		Release|Any CPU = Release|Any CPU
		Release|x64 = Release|x64
		Release|x86 = Release|x86
	EndGlobalSection
	GlobalSection(ProjectConfigurationPlatforms) = postSolution
		{DE5198BA-8F65-4E9C-BE74-EDA541287ED6}.Debug|Any CPU.ActiveCfg = Debug|Any CPU
		{DE5198BA-8F65-4E9C-BE74-EDA541287ED6}.Debug|Any CPU.Build.0 = Debug|Any CPU
		{DE5198BA-8F65-4E9C-BE74-EDA541287ED6}.Debug|x64.ActiveCfg = Debug|Any CPU
		{DE5198BA-8F65-4E9C-BE74-EDA541287ED6}.Debug|x64.Build.0 = Debug|Any CPU
		{DE5198BA-8F65-4E9C-BE74-EDA541287ED6}.Debug|x86.ActiveCfg = Debug|Any CPU
		{DE5198BA-8F65-4E9C-BE74-EDA541287ED6}.Debug|x86.Build.0 = Debug|Any CPU
		{DE5198BA-8F65-4E9C-BE74-EDA541287ED6}.Release|Any CPU.ActiveCfg = Release|Any CPU
		{DE5198BA-8F65-4E9C-BE74-EDA541287ED6}.Release|Any CPU.Build.0 = Release|Any CPU
		{DE5198BA-8F65-4E9C-BE74-EDA541287ED6}.Release|x64.ActiveCfg = Release|Any CPU
		{DE5198BA-8F65-4E9C-BE74-EDA541287ED6}.Release|x64.Build.0 = Release|Any CPU
		{DE5198BA-8F65-4E9C-BE74-EDA541287ED6}.Release|x86.ActiveCfg = Release|Any CPU
		{DE5198BA-8F65-4E9C-BE74-EDA541287ED6}.Release|x86.Build.0 = Release|Any CPU
		{4FE437B4-01EA-4D30-A530-2FD399CC8CF7}.Debug|Any CPU.ActiveCfg = Debug|Any CPU
		{4FE437B4-01EA-4D30-A530-2FD399CC8CF7}.Debug|Any CPU.Build.0 = Debug|Any CPU
		{4FE437B4-01EA-4D30-A530-2FD399CC8CF7}.Debug|x64.ActiveCfg = Debug|Any CPU
		{4FE437B4-01EA-4D30-A530-2FD399CC8CF7}.Debug|x64.Build.0 = Debug|Any CPU
		{4FE437B4-01EA-4D30-A530-2FD399CC8CF7}.Debug|x86.ActiveCfg = Debug|Any CPU
		{4FE437B4-01EA-4D30-A530-2FD399CC8CF7}.Debug|x86.Build.0 = Debug|Any CPU
		{4FE437B4-01EA-4D30-A530-2FD399CC8CF7}.Release|Any CPU.ActiveCfg = Release|Any CPU
		{4FE437B4-01EA-4D30-A530-2FD399CC8CF7}.Release|Any CPU.Build.0 = Release|Any CPU
		{4FE437B4-01EA-4D30-A530-2FD399CC8CF7}.Release|x64.ActiveCfg = Release|Any CPU
		{4FE437B4-01EA-4D30-A530-2FD399CC8CF7}.Release|x64.Build.0 = Release|Any CPU
		{4FE437B4-01EA-4D30-A530-2FD399CC8CF7}.Release|x86.ActiveCfg = Release|Any CPU
		{4FE437B4-01EA-4D30-A530-2FD399CC8CF7}.Release|x86.Build.0 = Release|Any CPU
		{FB4ECB76-3001-4700-AF33-23779869E8CB}.Debug|Any CPU.ActiveCfg = Debug|Any CPU
		{FB4ECB76-3001-4700-AF33-23779869E8CB}.Debug|Any CPU.Build.0 = Debug|Any CPU
		{FB4ECB76-3001-4700-AF33-23779869E8CB}.Debug|x64.ActiveCfg = Debug|Any CPU
		{FB4ECB76-3001-4700-AF33-23779869E8CB}.Debug|x64.Build.0 = Debug|Any CPU
		{FB4ECB76-3001-4700-AF33-23779869E8CB}.Debug|x86.ActiveCfg = Debug|Any CPU
		{FB4ECB76-3001-4700-AF33-23779869E8CB}.Debug|x86.Build.0 = Debug|Any CPU
		{FB4ECB76-3001-4700-AF33-23779869E8CB}.Release|Any CPU.ActiveCfg = Release|Any CPU
		{FB4ECB76-3001-4700-AF33-23779869E8CB}.Release|Any CPU.Build.0 = Release|Any CPU
		{FB4ECB76-3001-4700-AF33-23779869E8CB}.Release|x64.ActiveCfg = Release|Any CPU
		{FB4ECB76-3001-4700-AF33-23779869E8CB}.Release|x64.Build.0 = Release|Any CPU
		{FB4ECB76-3001-4700-AF33-23779869E8CB}.Release|x86.ActiveCfg = Release|Any CPU
		{FB4ECB76-3001-4700-AF33-23779869E8CB}.Release|x86.Build.0 = Release|Any CPU
		{CEE50942-6530-4BD9-9659-E9B82220A65A}.Debug|Any CPU.ActiveCfg = Debug|Any CPU
		{CEE50942-6530-4BD9-9659-E9B82220A65A}.Debug|Any CPU.Build.0 = Debug|Any CPU
		{CEE50942-6530-4BD9-9659-E9B82220A65A}.Debug|x64.ActiveCfg = Debug|Any CPU
		{CEE50942-6530-4BD9-9659-E9B82220A65A}.Debug|x64.Build.0 = Debug|Any CPU
		{CEE50942-6530-4BD9-9659-E9B82220A65A}.Debug|x86.ActiveCfg = Debug|Any CPU
		{CEE50942-6530-4BD9-9659-E9B82220A65A}.Debug|x86.Build.0 = Debug|Any CPU
		{CEE50942-6530-4BD9-9659-E9B82220A65A}.Release|Any CPU.ActiveCfg = Release|Any CPU
		{CEE50942-6530-4BD9-9659-E9B82220A65A}.Release|Any CPU.Build.0 = Release|Any CPU
		{CEE50942-6530-4BD9-9659-E9B82220A65A}.Release|x64.ActiveCfg = Release|Any CPU
		{CEE50942-6530-4BD9-9659-E9B82220A65A}.Release|x64.Build.0 = Release|Any CPU
		{CEE50942-6530-4BD9-9659-E9B82220A65A}.Release|x86.ActiveCfg = Release|Any CPU
		{CEE50942-6530-4BD9-9659-E9B82220A65A}.Release|x86.Build.0 = Release|Any CPU
		{2E1C3828-FC01-4C16-9282-85657BC2B860}.Debug|Any CPU.ActiveCfg = Debug|Any CPU
		{2E1C3828-FC01-4C16-9282-85657BC2B860}.Debug|Any CPU.Build.0 = Debug|Any CPU
		{2E1C3828-FC01-4C16-9282-85657BC2B860}.Debug|x64.ActiveCfg = Debug|Any CPU
		{2E1C3828-FC01-4C16-9282-85657BC2B860}.Debug|x64.Build.0 = Debug|Any CPU
		{2E1C3828-FC01-4C16-9282-85657BC2B860}.Debug|x86.ActiveCfg = Debug|Any CPU
		{2E1C3828-FC01-4C16-9282-85657BC2B860}.Debug|x86.Build.0 = Debug|Any CPU
		{2E1C3828-FC01-4C16-9282-85657BC2B860}.Release|Any CPU.ActiveCfg = Release|Any CPU
		{2E1C3828-FC01-4C16-9282-85657BC2B860}.Release|Any CPU.Build.0 = Release|Any CPU
		{2E1C3828-FC01-4C16-9282-85657BC2B860}.Release|x64.ActiveCfg = Release|Any CPU
		{2E1C3828-FC01-4C16-9282-85657BC2B860}.Release|x64.Build.0 = Release|Any CPU
		{2E1C3828-FC01-4C16-9282-85657BC2B860}.Release|x86.ActiveCfg = Release|Any CPU
		{2E1C3828-FC01-4C16-9282-85657BC2B860}.Release|x86.Build.0 = Release|Any CPU
		{A52F6AA2-2148-476D-9287-B8D29345DC82}.Debug|Any CPU.ActiveCfg = Debug|Any CPU
		{A52F6AA2-2148-476D-9287-B8D29345DC82}.Debug|Any CPU.Build.0 = Debug|Any CPU
		{A52F6AA2-2148-476D-9287-B8D29345DC82}.Debug|x64.ActiveCfg = Debug|Any CPU
		{A52F6AA2-2148-476D-9287-B8D29345DC82}.Debug|x64.Build.0 = Debug|Any CPU
		{A52F6AA2-2148-476D-9287-B8D29345DC82}.Debug|x86.ActiveCfg = Debug|Any CPU
		{A52F6AA2-2148-476D-9287-B8D29345DC82}.Debug|x86.Build.0 = Debug|Any CPU
		{A52F6AA2-2148-476D-9287-B8D29345DC82}.Release|Any CPU.ActiveCfg = Release|Any CPU
		{A52F6AA2-2148-476D-9287-B8D29345DC82}.Release|Any CPU.Build.0 = Release|Any CPU
		{A52F6AA2-2148-476D-9287-B8D29345DC82}.Release|x64.ActiveCfg = Release|Any CPU
		{A52F6AA2-2148-476D-9287-B8D29345DC82}.Release|x64.Build.0 = Release|Any CPU
		{A52F6AA2-2148-476D-9287-B8D29345DC82}.Release|x86.ActiveCfg = Release|Any CPU
		{A52F6AA2-2148-476D-9287-B8D29345DC82}.Release|x86.Build.0 = Release|Any CPU
		{E2EC9FDA-2F0E-4BD1-8F63-3787605ED60C}.Debug|Any CPU.ActiveCfg = Debug|Any CPU
		{E2EC9FDA-2F0E-4BD1-8F63-3787605ED60C}.Debug|x64.ActiveCfg = Debug|Any CPU
		{E2EC9FDA-2F0E-4BD1-8F63-3787605ED60C}.Debug|x64.Build.0 = Debug|Any CPU
		{E2EC9FDA-2F0E-4BD1-8F63-3787605ED60C}.Debug|x86.ActiveCfg = Debug|Any CPU
		{E2EC9FDA-2F0E-4BD1-8F63-3787605ED60C}.Debug|x86.Build.0 = Debug|Any CPU
		{E2EC9FDA-2F0E-4BD1-8F63-3787605ED60C}.Release|Any CPU.ActiveCfg = Release|Any CPU
		{E2EC9FDA-2F0E-4BD1-8F63-3787605ED60C}.Release|x64.ActiveCfg = Release|Any CPU
		{E2EC9FDA-2F0E-4BD1-8F63-3787605ED60C}.Release|x64.Build.0 = Release|Any CPU
		{E2EC9FDA-2F0E-4BD1-8F63-3787605ED60C}.Release|x86.ActiveCfg = Release|Any CPU
		{E2EC9FDA-2F0E-4BD1-8F63-3787605ED60C}.Release|x86.Build.0 = Release|Any CPU
		{BD814946-EDC4-45DC-AE70-57831679B706}.Debug|Any CPU.ActiveCfg = Debug|Any CPU
		{BD814946-EDC4-45DC-AE70-57831679B706}.Debug|Any CPU.Build.0 = Debug|Any CPU
		{BD814946-EDC4-45DC-AE70-57831679B706}.Debug|x64.ActiveCfg = Debug|Any CPU
		{BD814946-EDC4-45DC-AE70-57831679B706}.Debug|x64.Build.0 = Debug|Any CPU
		{BD814946-EDC4-45DC-AE70-57831679B706}.Debug|x86.ActiveCfg = Debug|Any CPU
		{BD814946-EDC4-45DC-AE70-57831679B706}.Debug|x86.Build.0 = Debug|Any CPU
		{BD814946-EDC4-45DC-AE70-57831679B706}.Release|Any CPU.ActiveCfg = Release|Any CPU
		{BD814946-EDC4-45DC-AE70-57831679B706}.Release|Any CPU.Build.0 = Release|Any CPU
		{BD814946-EDC4-45DC-AE70-57831679B706}.Release|x64.ActiveCfg = Release|Any CPU
		{BD814946-EDC4-45DC-AE70-57831679B706}.Release|x64.Build.0 = Release|Any CPU
		{BD814946-EDC4-45DC-AE70-57831679B706}.Release|x86.ActiveCfg = Release|Any CPU
		{BD814946-EDC4-45DC-AE70-57831679B706}.Release|x86.Build.0 = Release|Any CPU
	EndGlobalSection
	GlobalSection(SolutionProperties) = preSolution
		HideSolutionNode = FALSE
	EndGlobalSection
	GlobalSection(NestedProjects) = preSolution
		{DE5198BA-8F65-4E9C-BE74-EDA541287ED6} = {1B8A8578-7C3C-425C-B769-9E097411094F}
		{4FE437B4-01EA-4D30-A530-2FD399CC8CF7} = {1B8A8578-7C3C-425C-B769-9E097411094F}
		{FB4ECB76-3001-4700-AF33-23779869E8CB} = {5339A0F1-1884-4682-BFD2-DE050B2E5D69}
		{CEE50942-6530-4BD9-9659-E9B82220A65A} = {5339A0F1-1884-4682-BFD2-DE050B2E5D69}
		{2E1C3828-FC01-4C16-9282-85657BC2B860} = {5339A0F1-1884-4682-BFD2-DE050B2E5D69}
		{A52F6AA2-2148-476D-9287-B8D29345DC82} = {5339A0F1-1884-4682-BFD2-DE050B2E5D69}
		{BD814946-EDC4-45DC-AE70-57831679B706} = {130BCFCE-087D-42FF-BE70-BD4D02351D18}
	EndGlobalSection
	GlobalSection(ExtensibilityGlobals) = postSolution
		SolutionGuid = {EA2C589E-5222-413E-AEDF-F8B9DA1ABC2F}
	EndGlobalSection
EndGlobal
